
Microsoft Visual Studio Solution File, Format Version 12.00
# Visual Studio Version 16
VisualStudioVersion = 16.0.30804.86
MinimumVisualStudioVersion = 10.0.40219.1
Project("{FAE04EC0-301F-11D3-BF4B-00C04F79EFBC}") = "OpTools", "OpTools\OpTools.csproj", "{69D7B50F-426A-4C82-AC18-94E6B4722589}"
EndProject
Global
	GlobalSection(SolutionConfigurationPlatforms) = preSolution
		Debug|Any CPU = Debug|Any CPU
		Release|Any CPU = Release|Any CPU
	EndGlobalSection
	GlobalSection(ProjectConfigurationPlatforms) = postSolution
		{69D7B50F-426A-4C82-AC18-94E6B4722589}.Debug|Any CPU.ActiveCfg = Debug|Any CPU
		{69D7B50F-426A-4C82-AC18-94E6B4722589}.Debug|Any CPU.Build.0 = Debug|Any CPU
		{69D7B50F-426A-4C82-AC18-94E6B4722589}.Release|Any CPU.ActiveCfg = Release|Any CPU
		{69D7B50F-426A-4C82-AC18-94E6B4722589}.Release|Any CPU.Build.0 = Release|Any CPU
	EndGlobalSection
	GlobalSection(SolutionProperties) = preSolution
		HideSolutionNode = FALSE
	EndGlobalSection
	GlobalSection(ExtensibilityGlobals) = postSolution
		SolutionGuid = {79525F64-57BB-4D6A-B223-6CF7717DEC2B}
	EndGlobalSection
EndGlobal
